{
  "requires": true,
  "lockfileVersion": 1,
  "dependencies": {
    "jquery": {
      "version": "3.6.0",
      "resolved": "https://registry.npmjs.org/jquery/-/jquery-3.6.0.tgz",
      "integrity": "sha512-JVzAR/AjBvVt2BmYhxRCSYysDsPcssdmTFnzyLEts9qNwmjmu4JTAMYubEfwVOSwpQ1I1sKKFcxhZCI2buerfw=="
    },
    "jquery.fancytree": {
      "version": "2.38.0",
      "resolved": "https://registry.npmjs.org/jquery.fancytree/-/jquery.fancytree-2.38.0.tgz",
      "integrity": "sha512-7H7Lnf6n2m1UyXNJtPXayi9ZTdfl1ouerViQS7ISrBvusklgWfOTzbRFxs/RuHLxsEgxHpny/vbiKiTNe3IhhA=="
    }
  }
}
